
Microsoft Visual Studio Solution File, Format Version 12.00
# Visual Studio Version 17
VisualStudioVersion = 17.13.35806.99
MinimumVisualStudioVersion = 10.0.40219.1
Project("{FAE04EC0-301F-11D3-BF4B-00C04F79EFBC}") = "SinhVienService", "SinhVienService\SinhVienService.csproj", "{218AE3E0-4900-4060-BCD9-C63242079D10}"
EndProject
Project("{FAE04EC0-301F-11D3-BF4B-00C04F79EFBC}") = "DeTaiService", "DeTaiService\DeTaiService.csproj", "{D46B8B48-7E5B-4C16-B30B-DE3FA719622D}"
EndProject
Project("{FAE04EC0-301F-11D3-BF4B-00C04F79EFBC}") = "DangKyService", "DangKyService\DangKyService.csproj", "{F63C7ECD-7964-42DC-94AE-07C96A525F2F}"
EndProject
Global
	GlobalSection(SolutionConfigurationPlatforms) = preSolution
		Debug|Any CPU = Debug|Any CPU
		Release|Any CPU = Release|Any CPU
	EndGlobalSection
	GlobalSection(ProjectConfigurationPlatforms) = postSolution
		{218AE3E0-4900-4060-BCD9-C63242079D10}.Debug|Any CPU.ActiveCfg = Debug|Any CPU
		{218AE3E0-4900-4060-BCD9-C63242079D10}.Debug|Any CPU.Build.0 = Debug|Any CPU
		{218AE3E0-4900-4060-BCD9-C63242079D10}.Release|Any CPU.ActiveCfg = Release|Any CPU
		{218AE3E0-4900-4060-BCD9-C63242079D10}.Release|Any CPU.Build.0 = Release|Any CPU
		{D46B8B48-7E5B-4C16-B30B-DE3FA719622D}.Debug|Any CPU.ActiveCfg = Debug|Any CPU
		{D46B8B48-7E5B-4C16-B30B-DE3FA719622D}.Debug|Any CPU.Build.0 = Debug|Any CPU
		{D46B8B48-7E5B-4C16-B30B-DE3FA719622D}.Release|Any CPU.ActiveCfg = Release|Any CPU
		{D46B8B48-7E5B-4C16-B30B-DE3FA719622D}.Release|Any CPU.Build.0 = Release|Any CPU
		{F63C7ECD-7964-42DC-94AE-07C96A525F2F}.Debug|Any CPU.ActiveCfg = Debug|Any CPU
		{F63C7ECD-7964-42DC-94AE-07C96A525F2F}.Debug|Any CPU.Build.0 = Debug|Any CPU
		{F63C7ECD-7964-42DC-94AE-07C96A525F2F}.Release|Any CPU.ActiveCfg = Release|Any CPU
		{F63C7ECD-7964-42DC-94AE-07C96A525F2F}.Release|Any CPU.Build.0 = Release|Any CPU
	EndGlobalSection
	GlobalSection(SolutionProperties) = preSolution
		HideSolutionNode = FALSE
	EndGlobalSection
	GlobalSection(ExtensibilityGlobals) = postSolution
		SolutionGuid = {4146891B-463A-45EF-85DB-8E737442B687}
	EndGlobalSection
EndGlobal
